
Microsoft Visual Studio Solution File, Format Version 12.00
# Visual Studio 15
VisualStudioVersion = 15.0.28307.136
MinimumVisualStudioVersion = 10.0.40219.1
Project("{FAE04EC0-301F-11D3-BF4B-00C04F79EFBC}") = "InstaMonitor", "InstaMonitor\InstaMonitor.csproj", "{C6E5256C-A95B-4C52-BC6B-896C19B25BF6}"
EndProject
Global
	GlobalSection(SolutionConfigurationPlatforms) = preSolution
		Debug|Any CPU = Debug|Any CPU
		Release|Any CPU = Release|Any CPU
	EndGlobalSection
	GlobalSection(ProjectConfigurationPlatforms) = postSolution
		{C6E5256C-A95B-4C52-BC6B-896C19B25BF6}.Debug|Any CPU.ActiveCfg = Debug|Any CPU
		{C6E5256C-A95B-4C52-BC6B-896C19B25BF6}.Debug|Any CPU.Build.0 = Debug|Any CPU
		{C6E5256C-A95B-4C52-BC6B-896C19B25BF6}.Release|Any CPU.ActiveCfg = Release|Any CPU
		{C6E5256C-A95B-4C52-BC6B-896C19B25BF6}.Release|Any CPU.Build.0 = Release|Any CPU
	EndGlobalSection
	GlobalSection(SolutionProperties) = preSolution
		HideSolutionNode = FALSE
	EndGlobalSection
	GlobalSection(ExtensibilityGlobals) = postSolution
		SolutionGuid = {3039B674-25DF-482D-9E94-256C1F04F285}
	EndGlobalSection
EndGlobal
